{
  "name": "cobalt_presentation",
  "version": "0.0.1",
  "lockfileVersion": 1,
  "requires": true,
  "dependencies": {
    "cache": {
      "version": "0.0.3",
      "resolved": "https://ewizard-storage-multitenant-eu-1.s3.eu-central-1.amazonaws.com/components/6e1fe960-36bf-11ea-9cb9-29a0e11f7617.tar.gz?X-Amz-Algorithm=AWS4-HMAC-SHA256&X-Amz-Credential=AKIAWPGVIVM476G4TOFH%2F20220502%2Feu-central-1%2Fs3%2Faws4_request&X-Amz-Date=20220502T100833Z&X-Amz-Expires=300&X-Amz-Signature=6eb7d9c989c153f742db56f25de3244bd7007bb41cdaf153b205a5ec7f1fadfd&X-Amz-SignedHeaders=host&response-content-disposition=attachment%3Bfilename%2A%3DUTF-8%27%27cache.tar.gz",
      "integrity": "sha1-k/SawN6DYNnfAv8mNCF1bTTam1s="
    },
    "chapter": {
      "version": "1.3.2",
      "resolved": "https://ewizard-storage-multitenant-eu-1.s3.eu-central-1.amazonaws.com/components/590c7fce6463ef002b792f69.tar.gz?X-Amz-Algorithm=AWS4-HMAC-SHA256&X-Amz-Credential=AKIAWPGVIVM476G4TOFH%2F20220502%2Feu-central-1%2Fs3%2Faws4_request&X-Amz-Date=20220502T100834Z&X-Amz-Expires=300&X-Amz-Signature=97c3d826647a7f49a21580ba19f0381d7522b4e0d25d7da36d39016415f65bf0&X-Amz-SignedHeaders=host&response-content-disposition=attachment%3Bfilename%2A%3DUTF-8%27%27chapter.tar.gz",
      "integrity": "sha1-uc3udcTKHKdWUAK7V6qPrsiVD9k="
    },
    "co-button": {
      "version": "3.4.3",
      "resolved": "https://ewizard-storage-multitenant-eu-1.s3.eu-central-1.amazonaws.com/components/a04ce880-36a5-11ea-bf1d-a3e5271bd25c.tar.gz?X-Amz-Algorithm=AWS4-HMAC-SHA256&X-Amz-Credential=AKIAWPGVIVM476G4TOFH%2F20220502%2Feu-central-1%2Fs3%2Faws4_request&X-Amz-Date=20220502T113318Z&X-Amz-Expires=300&X-Amz-Signature=3230883da29f7d8eae513347628042ad4be52a9f94b6d35618eda7edf7c4229a&X-Amz-SignedHeaders=host&response-content-disposition=attachment%3Bfilename%2A%3DUTF-8%27%27co-button.tar.gz",
      "integrity": "sha1-TGBj7oBEfMpZQ4+OJyygqPT2jmc=",
      "requires": {
        "component": "~0.12.9"
      }
    },
    "co-collection": {
      "version": "4.3.6",
      "resolved": "https://ewizard-storage-multitenant-eu-1.s3.eu-central-1.amazonaws.com/components/9e3ad160-36a5-11ea-a7ab-fc8408927654.tar.gz?X-Amz-Algorithm=AWS4-HMAC-SHA256&X-Amz-Credential=AKIAWPGVIVM476G4TOFH%2F20220502%2Feu-central-1%2Fs3%2Faws4_request&X-Amz-Date=20220502T100727Z&X-Amz-Expires=300&X-Amz-Signature=cba1689955fa36380bebed04c6590a0588cf96205b3ea4bfd1d95f8f35f4cf02&X-Amz-SignedHeaders=host&response-content-disposition=attachment%3Bfilename%2A%3DUTF-8%27%27co-collection.tar.gz",
      "integrity": "sha1-327ZjwmPPo9FPWD/0SeNJ9x4+9g=",
      "requires": {
        "co-collection-item": "^2.3.5",
        "component": "~0.12.9"
      }
    },
    "co-collection-item": {
      "version": "2.3.5",
      "resolved": "https://ewizard-storage-multitenant-eu-1.s3.eu-central-1.amazonaws.com/components/64ba82f0-36a5-11ea-9c77-052bbe173bc1.tar.gz?X-Amz-Algorithm=AWS4-HMAC-SHA256&X-Amz-Credential=AKIAWPGVIVM476G4TOFH%2F20220502%2Feu-central-1%2Fs3%2Faws4_request&X-Amz-Date=20220502T100832Z&X-Amz-Expires=300&X-Amz-Signature=8cf2b941f838a1176b180f714c4223e2d8de904f0e613e59c140ed818020bb90&X-Amz-SignedHeaders=host&response-content-disposition=attachment%3Bfilename%2A%3DUTF-8%27%27co-collection-item.tar.gz",
      "integrity": "sha1-gnRXAllM2NXzJxBDCb/FFZxWoBw=",
      "requires": {
        "component": "~0.12.9"
      }
    },
    "co-container": {
      "version": "3.0.2",
      "resolved": "https://ewizard-storage-multitenant-eu-1.s3.eu-central-1.amazonaws.com/components/a722a230-36a5-11ea-aed2-0017f70cd050.tar.gz?X-Amz-Algorithm=AWS4-HMAC-SHA256&X-Amz-Credential=AKIAWPGVIVM476G4TOFH%2F20220502%2Feu-central-1%2Fs3%2Faws4_request&X-Amz-Date=20220502T100727Z&X-Amz-Expires=300&X-Amz-Signature=f99b6429a9b379ff0f95650140fc1e71b0f76772645bf9df51c2376690e2a062&X-Amz-SignedHeaders=host&response-content-disposition=attachment%3Bfilename%2A%3DUTF-8%27%27co-container.tar.gz",
      "integrity": "sha1-NbI6dl/A3eEPOnjuG+Yk+U6CaaA=",
      "requires": {
        "component": "~0.12.9"
      }
    },
    "co-image": {
      "version": "2.3.9",
      "resolved": "https://ewizard-storage-multitenant-eu-1.s3.eu-central-1.amazonaws.com/components/b0c892e0-36a5-11ea-a11d-21d51257ce2b.tar.gz?X-Amz-Algorithm=AWS4-HMAC-SHA256&X-Amz-Credential=AKIAWPGVIVM476G4TOFH%2F20220502%2Feu-central-1%2Fs3%2Faws4_request&X-Amz-Date=20220502T100727Z&X-Amz-Expires=300&X-Amz-Signature=e4ae9b7e68253674e23e397ac297a6a4d3402e6dc779d4daa7a2b7130df14936&X-Amz-SignedHeaders=host&response-content-disposition=attachment%3Bfilename%2A%3DUTF-8%27%27co-image.tar.gz",
      "integrity": "sha1-YE+1y9oMnu7BgvT8N3KABIXNa0w=",
      "requires": {
        "component": "~0.12.9"
      }
    },
    "co-popup": {
      "version": "2.9.7",
      "resolved": "https://ewizard-storage-multitenant-eu-1.s3.eu-central-1.amazonaws.com/components/347316d0-cc27-11ea-9518-af5c920e1986.tar.gz?X-Amz-Algorithm=AWS4-HMAC-SHA256&X-Amz-Credential=AKIAWPGVIVM476G4TOFH%2F20220502%2Feu-central-1%2Fs3%2Faws4_request&X-Amz-Date=20220502T113316Z&X-Amz-Expires=300&X-Amz-Signature=70a0729abbc5b481a12012edfb566666f69a03a21f7bbefecd0defe4c985f8f5&X-Amz-SignedHeaders=host&response-content-disposition=attachment%3Bfilename%2A%3DUTF-8%27%27co-popup.tar.gz",
      "integrity": "sha1-0RRhu7UeK5l6Yg7rIg8brKp8lLM=",
      "requires": {
        "co-button": "~3.4.3",
        "co-container": "~3.0.2",
        "co-image": "~2.3.9",
        "co-shower": "~2.5.1",
        "component": "~0.12.9"
      }
    },
    "co-shower": {
      "version": "2.5.3",
      "resolved": "https://ewizard-storage-multitenant-eu-1.s3.eu-central-1.amazonaws.com/components/9e3189f0-c1cb-11ea-ab63-a1c0fa7b0bf8.tar.gz?X-Amz-Algorithm=AWS4-HMAC-SHA256&X-Amz-Credential=AKIAWPGVIVM476G4TOFH%2F20220502%2Feu-central-1%2Fs3%2Faws4_request&X-Amz-Date=20220502T113318Z&X-Amz-Expires=300&X-Amz-Signature=3fdfb4846fd418c9e63fbacff22533b35c6a9999e04dad9c26537884285fb554&X-Amz-SignedHeaders=host&response-content-disposition=attachment%3Bfilename%2A%3DUTF-8%27%27co-shower.tar.gz",
      "integrity": "sha1-1Sxk65pjHVNyN7JjgFu+1EPwFu4=",
      "requires": {
        "component": "~0.12.9"
      }
    },
    "co-slider": {
      "version": "3.3.13",
      "resolved": "https://ewizard-storage-multitenant-eu-1.s3.eu-central-1.amazonaws.com/components/9bcc4260-36a5-11ea-b2f0-d9038a0550af.tar.gz?X-Amz-Algorithm=AWS4-HMAC-SHA256&X-Amz-Credential=AKIAWPGVIVM476G4TOFH%2F20220502%2Feu-central-1%2Fs3%2Faws4_request&X-Amz-Date=20220502T113409Z&X-Amz-Expires=300&X-Amz-Signature=bb60a81c5d9ab4b69493bc0b12ff239ae5483b16f3180db7299f74dfa8b511d6&X-Amz-SignedHeaders=host&response-content-disposition=attachment%3Bfilename%2A%3DUTF-8%27%27co-slider.tar.gz",
      "integrity": "sha1-dHBZeR2nQ0rFDWJZqAli9eIkRX4=",
      "requires": {
        "co-container": "~3.0.1",
        "component": "~0.12.9"
      }
    },
    "co-text": {
      "version": "2.4.8",
      "resolved": "https://ewizard-storage-multitenant-eu-1.s3.eu-central-1.amazonaws.com/components/9b9776c0-36a5-11ea-9d33-26e09b361e1f.tar.gz?X-Amz-Algorithm=AWS4-HMAC-SHA256&X-Amz-Credential=AKIAWPGVIVM476G4TOFH%2F20220502%2Feu-central-1%2Fs3%2Faws4_request&X-Amz-Date=20220502T100727Z&X-Amz-Expires=300&X-Amz-Signature=855f0ef3742a03a245d4921e60a3fcb933a41065c80973fa25eb282f0aec01ff&X-Amz-SignedHeaders=host&response-content-disposition=attachment%3Bfilename%2A%3DUTF-8%27%27co-text.tar.gz",
      "integrity": "sha1-oEQ+8dUC8BnZLamFGc2k6d7Rvqs=",
      "requires": {
        "component": "~0.12.9",
        "textable-component": "~1.4.2"
      }
    },
    "co-video": {
      "version": "3.8.1",
      "resolved": "https://ewizard-storage-multitenant-eu-1.s3.eu-central-1.amazonaws.com/components/9c0b9240-7545-11ec-beef-52975878b390.tar.gz?X-Amz-Algorithm=AWS4-HMAC-SHA256&X-Amz-Credential=AKIAWPGVIVM476G4TOFH%2F20220502%2Feu-central-1%2Fs3%2Faws4_request&X-Amz-Date=20220502T113407Z&X-Amz-Expires=300&X-Amz-Signature=7c4143ed06be07b12431c1ed8703c5dd0ed5617daf00c8d6abbb65dc486eebf9&X-Amz-SignedHeaders=host&response-content-disposition=attachment%3Bfilename%2A%3DUTF-8%27%27co-video.tar.gz",
      "integrity": "sha1-oWhUFFQoUAzWlHZxpia/NrsBjd8=",
      "requires": {
        "co-slider": "~3.3.13",
        "component": "~0.12.9",
        "playing": "~2.0.1"
      }
    },
    "component": {
      "version": "0.12.11",
      "resolved": "https://ewizard-storage-multitenant-eu-1.s3.eu-central-1.amazonaws.com/components/6e729d40-36bf-11ea-bdd8-ef25b57d5ccf.tar.gz?X-Amz-Algorithm=AWS4-HMAC-SHA256&X-Amz-Credential=AKIAWPGVIVM476G4TOFH%2F20220502%2Feu-central-1%2Fs3%2Faws4_request&X-Amz-Date=20220502T100832Z&X-Amz-Expires=300&X-Amz-Signature=df52ccbfc6ec56e48de7546afeba3ed9bb68b4288b11792afcc4d68c280cac1e&X-Amz-SignedHeaders=host&response-content-disposition=attachment%3Bfilename%2A%3DUTF-8%27%27component.tar.gz",
      "integrity": "sha1-jqiNk7k5Ocxl01JFjAFhtbnTsZM=",
      "requires": {
        "cache": "~0.0.3",
        "loader": "~0.2.3",
        "utils": "~1.6.3"
      }
    },
    "core": {
      "version": "3.5.13",
      "resolved": "https://ewizard-storage-multitenant-eu-1.s3.eu-central-1.amazonaws.com/components/5c051d006c2ec1003d516fad.tar.gz?X-Amz-Algorithm=AWS4-HMAC-SHA256&X-Amz-Credential=AKIAWPGVIVM476G4TOFH%2F20220502%2Feu-central-1%2Fs3%2Faws4_request&X-Amz-Date=20220502T100831Z&X-Amz-Expires=300&X-Amz-Signature=d2ffe0eea3d9057aacd332344bf1ce9a157d678ec9d9760b314e6af4daad9e88&X-Amz-SignedHeaders=host&response-content-disposition=attachment%3Bfilename%2A%3DUTF-8%27%27core.tar.gz",
      "integrity": "sha1-nvzWC05KDDPXHavY7ZkIRI2CWP0="
    },
    "es6-promise": {
      "version": "4.2.8",
      "resolved": "https://registry.npmjs.org/es6-promise/-/es6-promise-4.2.8.tgz",
      "integrity": "sha512-HJDGx5daxeIvxdBxvG2cb9g4tEvwIk3i8+nhX0yGrYmZUzbkdg8QbDevheDB8gd0//uPj4c1EQua8Q+MViT0/w=="
    },
    "indicators": {
      "version": "3.0.2",
      "resolved": "https://ewizard-storage-multitenant-eu-1.s3.eu-central-1.amazonaws.com/components/5a6f171e6e090d002d31cc37.tar.gz?X-Amz-Algorithm=AWS4-HMAC-SHA256&X-Amz-Credential=AKIAWPGVIVM476G4TOFH%2F20220502%2Feu-central-1%2Fs3%2Faws4_request&X-Amz-Date=20220502T113434Z&X-Amz-Expires=300&X-Amz-Signature=87019cefbecdb231b34d72f8f823847af3357ac2b134eca066f2a42c873aab27&X-Amz-SignedHeaders=host&response-content-disposition=attachment%3Bfilename%2A%3DUTF-8%27%27indicators.tar.gz",
      "integrity": "sha1-T8SkvybMQ3ec7TSO2NXLggVuLkU="
    },
    "jquery": {
      "version": "3.6.0",
      "resolved": "https://registry.npmjs.org/jquery/-/jquery-3.6.0.tgz",
      "integrity": "sha512-JVzAR/AjBvVt2BmYhxRCSYysDsPcssdmTFnzyLEts9qNwmjmu4JTAMYubEfwVOSwpQ1I1sKKFcxhZCI2buerfw=="
    },
    "loader": {
      "version": "0.2.3",
      "resolved": "https://ewizard-storage-multitenant-eu-1.s3.eu-central-1.amazonaws.com/components/5ad898499a7c14002d6865e2.tar.gz?X-Amz-Algorithm=AWS4-HMAC-SHA256&X-Amz-Credential=AKIAWPGVIVM476G4TOFH%2F20220502%2Feu-central-1%2Fs3%2Faws4_request&X-Amz-Date=20220502T100833Z&X-Amz-Expires=300&X-Amz-Signature=8810fcf0023149181e16f7b611288c101a1f92627154ea69d36988a867de1867&X-Amz-SignedHeaders=host&response-content-disposition=attachment%3Bfilename%2A%3DUTF-8%27%27loader.tar.gz",
      "integrity": "sha1-nVvSR87Ixd0APRzvKwlIVHEiHWA="
    },
    "lodash-template": {
      "version": "1.0.0",
      "resolved": "https://registry.npmjs.org/lodash-template/-/lodash-template-1.0.0.tgz",
      "integrity": "sha1-jQjZMBRzqqhh46JnN5Q4Pxg/ytk="
    },
    "menu": {
      "version": "2.0.2",
      "resolved": "https://ewizard-storage-multitenant-eu-1.s3.eu-central-1.amazonaws.com/components/169e8b10-80bf-11eb-b9ff-0dac766f7148.tar.gz?X-Amz-Algorithm=AWS4-HMAC-SHA256&X-Amz-Credential=AKIAWPGVIVM476G4TOFH%2F20220502%2Feu-central-1%2Fs3%2Faws4_request&X-Amz-Date=20220502T113420Z&X-Amz-Expires=300&X-Amz-Signature=7a1d210056e907204df31cf0951c9856c034218c108f3289275f55ea3bdd13dc&X-Amz-SignedHeaders=host&response-content-disposition=attachment%3Bfilename%2A%3DUTF-8%27%27menu.tar.gz",
      "integrity": "sha1-+eMP54CIOo8kvpwznerOB10jDP8=",
      "requires": {
        "scroller": "~2.0.0"
      }
    },
    "nav": {
      "version": "1.7.6",
      "resolved": "https://ewizard-storage-multitenant-eu-1.s3.eu-central-1.amazonaws.com/components/590c80d06463ef002b793125.tar.gz?X-Amz-Algorithm=AWS4-HMAC-SHA256&X-Amz-Credential=AKIAWPGVIVM476G4TOFH%2F20220502%2Feu-central-1%2Fs3%2Faws4_request&X-Amz-Date=20220502T100834Z&X-Amz-Expires=300&X-Amz-Signature=593cf00267ee480df1dbbe82362ae078760939099d49bd5b90705bf26d49539b&X-Amz-SignedHeaders=host&response-content-disposition=attachment%3Bfilename%2A%3DUTF-8%27%27nav.tar.gz",
      "integrity": "sha1-Q2KT3/i1M+7BXFwBFDdqOfaPEmE="
    },
    "params": {
      "version": "1.1.1",
      "resolved": "https://ewizard-storage-multitenant-eu-1.s3.eu-central-1.amazonaws.com/components/5a6f0fbc6e090d002d31ca9c.tar.gz?X-Amz-Algorithm=AWS4-HMAC-SHA256&X-Amz-Credential=AKIAWPGVIVM476G4TOFH%2F20220502%2Feu-central-1%2Fs3%2Faws4_request&X-Amz-Date=20220502T100832Z&X-Amz-Expires=300&X-Amz-Signature=8307e027d15ad250b71231803c83ee786830939b6fc487e0b87ba5afe6fc143c&X-Amz-SignedHeaders=host&response-content-disposition=attachment%3Bfilename%2A%3DUTF-8%27%27params.tar.gz",
      "integrity": "sha1-nKtDvvl6rWQ1muOmXGGv4Ix2k9c="
    },
    "playing": {
      "version": "2.0.1",
      "resolved": "https://ewizard-storage-multitenant-eu-1.s3.eu-central-1.amazonaws.com/components/5a6f171d6e090d002d31cc35.tar.gz?X-Amz-Algorithm=AWS4-HMAC-SHA256&X-Amz-Credential=AKIAWPGVIVM476G4TOFH%2F20220502%2Feu-central-1%2Fs3%2Faws4_request&X-Amz-Date=20220502T113409Z&X-Amz-Expires=300&X-Amz-Signature=22d5c0e152ede8736e93906de1b79fd3c6db8024dfaaedb47eedd07f979f969b&X-Amz-SignedHeaders=host&response-content-disposition=attachment%3Bfilename%2A%3DUTF-8%27%27playing.tar.gz",
      "integrity": "sha1-YxsEt15VThgCKq1AfLn+W5KTdEU="
    },
    "polyfill": {
      "version": "2.0.2",
      "resolved": "https://ewizard-storage-multitenant-eu-1.s3.eu-central-1.amazonaws.com/components/5a6f14a56e090d002d31cbb0.tar.gz?X-Amz-Algorithm=AWS4-HMAC-SHA256&X-Amz-Credential=AKIAWPGVIVM476G4TOFH%2F20220502%2Feu-central-1%2Fs3%2Faws4_request&X-Amz-Date=20220502T100832Z&X-Amz-Expires=300&X-Amz-Signature=8901f3380b28525881c59fcc6768a1ed46c154a76e258b8c0b5ea30205983efd&X-Amz-SignedHeaders=host&response-content-disposition=attachment%3Bfilename%2A%3DUTF-8%27%27polyfill.tar.gz",
      "integrity": "sha1-gWhGFjPX3UKj2kUFrMMGy6inXzA=",
      "requires": {
        "es6-promise": "^4.0.4"
      }
    },
    "prefixer": {
      "version": "1.2.0",
      "resolved": "https://ewizard-storage-multitenant-eu-1.s3.eu-central-1.amazonaws.com/components/5a6f0b6e6e090d002d31c928.tar.gz?X-Amz-Algorithm=AWS4-HMAC-SHA256&X-Amz-Credential=AKIAWPGVIVM476G4TOFH%2F20220502%2Feu-central-1%2Fs3%2Faws4_request&X-Amz-Date=20220502T100832Z&X-Amz-Expires=300&X-Amz-Signature=506aa2f2a10d2f5bbec488ab650b09e94191840143cbe78b5021306c94505152&X-Amz-SignedHeaders=host&response-content-disposition=attachment%3Bfilename%2A%3DUTF-8%27%27prefixer.tar.gz",
      "integrity": "sha1-NdRkyqJjU6T8X4upaKLYcdm5sFc="
    },
    "presentation-identifier": {
      "version": "0.0.1",
      "resolved": "https://ewizard-storage-multitenant-eu-1.s3.eu-central-1.amazonaws.com/components/590c7f7c6463ef002b792f13.tar.gz?X-Amz-Algorithm=AWS4-HMAC-SHA256&X-Amz-Credential=AKIAWPGVIVM476G4TOFH%2F20220502%2Feu-central-1%2Fs3%2Faws4_request&X-Amz-Date=20220502T100832Z&X-Amz-Expires=300&X-Amz-Signature=88bd8bb19d8e95314ddc221586a88d5f654056fedaac2b6cec4550ef2cc7eb69&X-Amz-SignedHeaders=host&response-content-disposition=attachment%3Bfilename%2A%3DUTF-8%27%27presentation-identifier.tar.gz",
      "integrity": "sha1-gnLujpaS6UrZk8dYneducogALCQ="
    },
    "routie": {
      "version": "git+https://github.com/QAPInt/routie.git#42ac653a46241768f2ba4a9605e080ed49926918",
      "from": "git+https://github.com/QAPInt/routie.git#master"
    },
    "scroller": {
      "version": "2.0.0",
      "resolved": "https://ewizard-storage-multitenant-eu-1.s3.eu-central-1.amazonaws.com/components/5a6f0fbe6e090d002d31ca9f.tar.gz?X-Amz-Algorithm=AWS4-HMAC-SHA256&X-Amz-Credential=AKIAWPGVIVM476G4TOFH%2F20220502%2Feu-central-1%2Fs3%2Faws4_request&X-Amz-Date=20220502T113421Z&X-Amz-Expires=300&X-Amz-Signature=93a8ed085dbbf9812e853b87a0153f5af488f7705ebcff390b35a56613cfcfb2&X-Amz-SignedHeaders=host&response-content-disposition=attachment%3Bfilename%2A%3DUTF-8%27%27scroller.tar.gz",
      "integrity": "sha1-c29FRIqlrhzWl5lnpOd5O2fQaUY="
    },
    "settings": {
      "version": "0.10.2",
      "resolved": "https://ewizard-storage-multitenant-eu-1.s3.eu-central-1.amazonaws.com/components/2bf3f9d0-37b1-11ea-8a6f-cf3eaae8f78c.tar.gz?X-Amz-Algorithm=AWS4-HMAC-SHA256&X-Amz-Credential=AKIAWPGVIVM476G4TOFH%2F20220502%2Feu-central-1%2Fs3%2Faws4_request&X-Amz-Date=20220502T100832Z&X-Amz-Expires=300&X-Amz-Signature=620bea149945851ecfce462264a2951dd38d294117054661dfa2b4b4abd8ad0a&X-Amz-SignedHeaders=host&response-content-disposition=attachment%3Bfilename%2A%3DUTF-8%27%27settings.tar.gz",
      "integrity": "sha1-VdR/B+Mys2eNKkDA3mnUdDOmutM=",
      "requires": {
        "loader": "^0.2.0",
        "lodash-template": "1.0.0",
        "utils": "~1.6.5"
      }
    },
    "sitemap": {
      "version": "3.0.0",
      "resolved": "https://ewizard-storage-multitenant-eu-1.s3.eu-central-1.amazonaws.com/components/5a6f171c6e090d002d31cc32.tar.gz?X-Amz-Algorithm=AWS4-HMAC-SHA256&X-Amz-Credential=AKIAWPGVIVM476G4TOFH%2F20220502%2Feu-central-1%2Fs3%2Faws4_request&X-Amz-Date=20220502T113500Z&X-Amz-Expires=300&X-Amz-Signature=28f9ac514c2deb4cfe84712605577067a6596f329fe5a1f15efd27d8b8ef4826&X-Amz-SignedHeaders=host&response-content-disposition=attachment%3Bfilename%2A%3DUTF-8%27%27sitemap.tar.gz",
      "integrity": "sha1-eJFIcdENVPCqJGp+HF+V2WZPOgs=",
      "requires": {
        "scroller": "~2.0.0"
      }
    },
    "slide": {
      "version": "1.1.2",
      "resolved": "https://ewizard-storage-multitenant-eu-1.s3.eu-central-1.amazonaws.com/components/590c7fc76463ef002b792f5f.tar.gz?X-Amz-Algorithm=AWS4-HMAC-SHA256&X-Amz-Credential=AKIAWPGVIVM476G4TOFH%2F20220502%2Feu-central-1%2Fs3%2Faws4_request&X-Amz-Date=20220502T100834Z&X-Amz-Expires=300&X-Amz-Signature=e730205f0a95e6294fe170f2523085860821736057a7e4856e3365f45d7d463d&X-Amz-SignedHeaders=host&response-content-disposition=attachment%3Bfilename%2A%3DUTF-8%27%27slide.tar.gz",
      "integrity": "sha1-+/luNnIR8RQYxnEG4X6EfrR0pfM="
    },
    "slideshow-popup": {
      "version": "0.0.11",
      "resolved": "https://ewizard-storage-multitenant-eu-1.s3.eu-central-1.amazonaws.com/components/5a0056a8f68274002d99c06c.tar.gz?X-Amz-Algorithm=AWS4-HMAC-SHA256&X-Amz-Credential=AKIAWPGVIVM476G4TOFH%2F20220502%2Feu-central-1%2Fs3%2Faws4_request&X-Amz-Date=20220502T100833Z&X-Amz-Expires=300&X-Amz-Signature=103b703b66edc768da4c6e4fd90bf36e66a8868e08730a85fcc956867faa6e8b&X-Amz-SignedHeaders=host&response-content-disposition=attachment%3Bfilename%2A%3DUTF-8%27%27slideshow-popup.tar.gz",
      "integrity": "sha1-c7Dp1WMAvQMbBZpgzoxYuz7eKIc=",
      "requires": {
        "chapter": "~1.3.2",
        "nav": "~1.7.6",
        "presentation-identifier": "~0.0.1",
        "slide": "~1.1.2"
      }
    },
    "spa": {
      "version": "3.6.5",
      "resolved": "https://ewizard-storage-multitenant-eu-1.s3.eu-central-1.amazonaws.com/components/e1d17360-e49d-11ea-91c6-b8f2b4966d56.tar.gz?X-Amz-Algorithm=AWS4-HMAC-SHA256&X-Amz-Credential=AKIAWPGVIVM476G4TOFH%2F20220502%2Feu-central-1%2Fs3%2Faws4_request&X-Amz-Date=20220502T100728Z&X-Amz-Expires=300&X-Amz-Signature=f3b610b95759a8d3f374e3a0fe787dd15fcb0d544a22934f2252326d3d5bcfa6&X-Amz-SignedHeaders=host&response-content-disposition=attachment%3Bfilename%2A%3DUTF-8%27%27spa.tar.gz",
      "integrity": "sha1-PxbZnQz+k1fKsTCyGSC99Xj6pE4=",
      "requires": {
        "params": "~1.1.1",
        "polyfill": "~2.0.0",
        "prefixer": "~1.2.0",
        "presentation-identifier": "~0.0.1",
        "routie": "git+https://github.com/QAPInt/routie.git#master",
        "settings": "~0.10.0",
        "structure": "~1.5.0",
        "touch": "~1.5.0",
        "utils": "^1.5.0",
        "validate-nav": "~1.4.0"
      }
    },
    "structure": {
      "version": "1.5.3",
      "resolved": "https://ewizard-storage-multitenant-eu-1.s3.eu-central-1.amazonaws.com/components/5a958d8a3adcd6002d4951e3.tar.gz?X-Amz-Algorithm=AWS4-HMAC-SHA256&X-Amz-Credential=AKIAWPGVIVM476G4TOFH%2F20220502%2Feu-central-1%2Fs3%2Faws4_request&X-Amz-Date=20220502T100832Z&X-Amz-Expires=300&X-Amz-Signature=e464bb4c7ef7b4dca356ae73e55d41974541ade55612a2b6fe832b810b5d3010&X-Amz-SignedHeaders=host&response-content-disposition=attachment%3Bfilename%2A%3DUTF-8%27%27structure.tar.gz",
      "integrity": "sha1-LucU4RfmLGIzYRj38w4mIN56M3A=",
      "requires": {
        "utils": ">=0.0.11"
      }
    },
    "textable-component": {
      "version": "1.4.3",
      "resolved": "https://ewizard-storage-multitenant-eu-1.s3.eu-central-1.amazonaws.com/components/6e1784f0-36bf-11ea-9318-1089695a0931.tar.gz?X-Amz-Algorithm=AWS4-HMAC-SHA256&X-Amz-Credential=AKIAWPGVIVM476G4TOFH%2F20220502%2Feu-central-1%2Fs3%2Faws4_request&X-Amz-Date=20220502T100832Z&X-Amz-Expires=300&X-Amz-Signature=0d331f59e8eb7fb800a5a30b112d9c2db5aa758f30e926e5c257665d52547d74&X-Amz-SignedHeaders=host&response-content-disposition=attachment%3Bfilename%2A%3DUTF-8%27%27textable-component.tar.gz",
      "integrity": "sha1-+iPOtHT4rGWYSj3iIzP8mz5lUgY=",
      "requires": {
        "component": "~0.12.9"
      }
    },
    "touch": {
      "version": "1.5.7",
      "resolved": "https://ewizard-storage-multitenant-eu-1.s3.eu-central-1.amazonaws.com/components/21580490-49ca-11eb-827c-0085cc50a360.tar.gz?X-Amz-Algorithm=AWS4-HMAC-SHA256&X-Amz-Credential=AKIAWPGVIVM476G4TOFH%2F20220502%2Feu-central-1%2Fs3%2Faws4_request&X-Amz-Date=20220502T100832Z&X-Amz-Expires=300&X-Amz-Signature=62c38c873f95bb218e4660c2dd5386e31bae818e78c538e0e339b2fdd3d158c6&X-Amz-SignedHeaders=host&response-content-disposition=attachment%3Bfilename%2A%3DUTF-8%27%27touch.tar.gz",
      "integrity": "sha1-Eldm5ZL+rnKuOZXqgKUpBRM1IWE="
    },
    "utils": {
      "version": "1.6.5",
      "resolved": "https://ewizard-storage-multitenant-eu-1.s3.eu-central-1.amazonaws.com/components/5b040e38b4a3ab003778f15a.tar.gz?X-Amz-Algorithm=AWS4-HMAC-SHA256&X-Amz-Credential=AKIAWPGVIVM476G4TOFH%2F20220502%2Feu-central-1%2Fs3%2Faws4_request&X-Amz-Date=20220502T100833Z&X-Amz-Expires=300&X-Amz-Signature=a1fd0b2dfc13202f8d95759d82c77fc136577745ffa8e5ba68a548c67aa9ae29&X-Amz-SignedHeaders=host&response-content-disposition=attachment%3Bfilename%2A%3DUTF-8%27%27utils.tar.gz",
      "integrity": "sha1-AJQhr0NQNIkDTxZoQLcuprxf+bA="
    },
    "validate-nav": {
      "version": "1.4.0",
      "resolved": "https://ewizard-storage-multitenant-eu-1.s3.eu-central-1.amazonaws.com/components/5a00592af68274002d99c0ad.tar.gz?X-Amz-Algorithm=AWS4-HMAC-SHA256&X-Amz-Credential=AKIAWPGVIVM476G4TOFH%2F20220502%2Feu-central-1%2Fs3%2Faws4_request&X-Amz-Date=20220502T100833Z&X-Amz-Expires=300&X-Amz-Signature=c56fc425689e3a6efa1aa91a497661e8b04d797553709cd2819a168d714ea8a5&X-Amz-SignedHeaders=host&response-content-disposition=attachment%3Bfilename%2A%3DUTF-8%27%27validate-nav.tar.gz",
      "integrity": "sha1-kSAfoJ45/0//M9979jImXZmXnfk=",
      "requires": {
        "slideshow-popup": "~0.0.10"
      }
    }
  }
}
